
Microsoft Visual Studio Solution File, Format Version 12.00
# Visual Studio 15
VisualStudioVersion = 15.0.28307.329
MinimumVisualStudioVersion = 10.0.40219.1
Project("{2150E333-8FDC-42A3-9474-1A3956D46DE8}") = "common", "common", "{CC70DE2A-9230-4D68-B497-0AF22F6C34EC}"
EndProject
Project("{9A19103F-16F7-4668-BE54-9A1E7A4F7556}") = "DocumentServices.Common", "src\common\DocumentServices.Common\DocumentServices.Common.csproj", "{4B0A2C36-B3AF-43C0-A380-28260C353CB0}"
EndProject
Project("{9A19103F-16F7-4668-BE54-9A1E7A4F7556}") = "DocumentService", "src\DocumentService\DocumentService.csproj", "{660E2890-7FA7-4724-A42A-1401A8D37B49}"
EndProject
Global
	GlobalSection(SolutionConfigurationPlatforms) = preSolution
		Debug|Any CPU = Debug|Any CPU
		Release|Any CPU = Release|Any CPU
	EndGlobalSection
	GlobalSection(ProjectConfigurationPlatforms) = postSolution
		{4B0A2C36-B3AF-43C0-A380-28260C353CB0}.Debug|Any CPU.ActiveCfg = Debug|Any CPU
		{4B0A2C36-B3AF-43C0-A380-28260C353CB0}.Debug|Any CPU.Build.0 = Debug|Any CPU
		{4B0A2C36-B3AF-43C0-A380-28260C353CB0}.Release|Any CPU.ActiveCfg = Release|Any CPU
		{4B0A2C36-B3AF-43C0-A380-28260C353CB0}.Release|Any CPU.Build.0 = Release|Any CPU
		{660E2890-7FA7-4724-A42A-1401A8D37B49}.Debug|Any CPU.ActiveCfg = Debug|Any CPU
		{660E2890-7FA7-4724-A42A-1401A8D37B49}.Debug|Any CPU.Build.0 = Debug|Any CPU
		{660E2890-7FA7-4724-A42A-1401A8D37B49}.Release|Any CPU.ActiveCfg = Release|Any CPU
		{660E2890-7FA7-4724-A42A-1401A8D37B49}.Release|Any CPU.Build.0 = Release|Any CPU
	EndGlobalSection
	GlobalSection(SolutionProperties) = preSolution
		HideSolutionNode = FALSE
	EndGlobalSection
	GlobalSection(NestedProjects) = preSolution
		{4B0A2C36-B3AF-43C0-A380-28260C353CB0} = {CC70DE2A-9230-4D68-B497-0AF22F6C34EC}
	EndGlobalSection
	GlobalSection(ExtensibilityGlobals) = postSolution
		SolutionGuid = {515EB4FA-7079-4C9F-A7B2-5C0D079205FB}
	EndGlobalSection
EndGlobal
